<?xml version="1.0" encoding="utf-8"?>
<Project ToolsVersion="4.0" xmlns="http://schemas.microsoft.com/developer/msbuild/2003">
  <ItemGroup>
    <Filter Include="Header Files">
      <UniqueIdentifier>{67696A81-F22B-4F8B-A47E-208D6F181498}</UniqueIdentifier>
      <Extensions>h;hpp;hxx;hm;inl;inc;xsd</Extensions>
    </Filter>
    <Filter Include="Resource Files">
      <UniqueIdentifier>{727300EF-C6AF-42FB-91A3-31618775C426}</UniqueIdentifier>
      <Extensions>rc;ico;cur;bmp;dlg;rc2;rct;bin;rgs;gif;jpg;jpeg;jpe;resx</Extensions>
    </Filter>
    <Filter Include="Source Files">
      <UniqueIdentifier>{94893EB6-8AD1-469C-A549-2A1FD7020E9F}</UniqueIdentifier>
      <Extensions>cpp;c;cc;cxx;def;odl;idl;hpj;bat;asm;asmx</Extensions>
    </Filter>
  </ItemGroup>
  <ItemGroup>
    <ClInclude Include="DComPerm.h">
      <Filter>Header Files</Filter>
    </ClInclude>
    <ClInclude Include="DComPerm_rc.h">
      <Filter>Header Files</Filter>
    </ClInclude>
  </ItemGroup>
  <ItemGroup>
    <ClCompile Include="AclMgmt.Cpp">
      <Filter>Source Files</Filter>
    </ClCompile>
    <ClCompile Include="DComPerm.Cpp">
      <Filter>Source Files</Filter>
    </ClCompile>
    <ClCompile Include="ListAcl.Cpp">
      <Filter>Source Files</Filter>
    </ClCompile>
    <ClCompile Include="SDMgmt.Cpp">
      <Filter>Source Files</Filter>
    </ClCompile>
    <ClCompile Include="SrvcMgmt.Cpp">
      <Filter>Source Files</Filter>
    </ClCompile>
    <ClCompile Include="UtilS.Cpp">
      <Filter>Source Files</Filter>
    </ClCompile>
    <ClCompile Include="Wrappers.Cpp">
      <Filter>Source Files</Filter>
    </ClCompile>
  </ItemGroup>
  <ItemGroup>
    <ResourceCompile Include="DComPerm.rc">
      <Filter>Resource Files</Filter>
    </ResourceCompile>
  </ItemGroup>
</Project>